{
  "lockfileVersion": 3,
  "packages": {
    "": {},
    "node_modules/shared-package": {
      "version": "1.0.0",
      "dev": true,
      "peer": true
    },
    "node_modules/peer-tool": {
      "version": "2.0.0",
      "dev": true,
      "peer": true
    },
    "node_modules/typescript": {
      "version": "6.0.3",
      "dev": true
    }
  }
}
