{
  "lockfileVersion": 3,
  "packages": {
    "": {},
    "node_modules/vite": {
      "version": "7.0.1"
    },
    "node_modules/other-tool": {
      "version": "1.0.0",
      "dependencies": {
        "vite": "^6.0.0"
      }
    },
    "node_modules/other-tool/node_modules/vite": {
      "version": "6.0.0"
    }
  }
}
