{
  "name": "radar-npm-fixture",
  "lockfileVersion": 3,
  "requires": true,
  "packages": {
    "": {
      "name": "radar-npm-fixture",
      "dependencies": {
        "vite": "^7.0.0",
        "@vueuse/core": "^14.0.0"
      },
      "devDependencies": {
        "typescript": "^6.0.3"
      },
      "peerDependencies": {
        "vue": "^3.5.0"
      }
    },
    "node_modules/vite": {
      "version": "7.0.1",
      "resolved": "https://registry.npmjs.org/vite/-/vite-7.0.1.tgz",
      "dependencies": {
        "rollup": "^4.0.0"
      }
    },
    "node_modules/@vueuse/core": {
      "version": "14.0.0",
      "resolved": "https://registry.npmjs.org/@vueuse/core/-/core-14.0.0.tgz",
      "dependencies": {
        "@vueuse/shared": "14.0.0"
      }
    },
    "node_modules/typescript": {
      "version": "6.0.3",
      "resolved": "https://registry.npmjs.org/typescript/-/typescript-6.0.3.tgz",
      "dev": true
    },
    "node_modules/vue": {
      "version": "3.5.33",
      "resolved": "https://registry.npmjs.org/vue/-/vue-3.5.33.tgz",
      "peer": true
    },
    "node_modules/rollup": {
      "version": "4.53.3",
      "resolved": "https://registry.npmjs.org/rollup/-/rollup-4.53.3.tgz"
    },
    "node_modules/@vueuse/shared": {
      "version": "14.0.0",
      "resolved": "https://registry.npmjs.org/@vueuse/shared/-/shared-14.0.0.tgz"
    }
  }
}
